
Microsoft Visual Studio Solution File, Format Version 12.00
# Visual Studio 14
VisualStudioVersion = 14.0.25123.0
MinimumVisualStudioVersion = 10.0.40219.1
Project("{FAE04EC0-301F-11D3-BF4B-00C04F79EFBC}") = "IdentityServer", "IdentityServer\IdentityServer.csproj", "{1F7C51F2-03AF-472A-9722-F63F426E0500}"
EndProject
Project("{FAE04EC0-301F-11D3-BF4B-00C04F79EFBC}") = "JsApplication", "JsApplication\JsApplication.csproj", "{8205E602-22C1-4D0D-B6C5-E863A71142FD}"
EndProject
Project("{FAE04EC0-301F-11D3-BF4B-00C04F79EFBC}") = "Api", "Api\Api.csproj", "{F9E35C4D-20C9-4AC4-B771-95F343C9E6B5}"
EndProject
Global
	GlobalSection(SolutionConfigurationPlatforms) = preSolution
		Debug|Any CPU = Debug|Any CPU
		Release|Any CPU = Release|Any CPU
	EndGlobalSection
	GlobalSection(ProjectConfigurationPlatforms) = postSolution
		{1F7C51F2-03AF-472A-9722-F63F426E0500}.Debug|Any CPU.ActiveCfg = Debug|Any CPU
		{1F7C51F2-03AF-472A-9722-F63F426E0500}.Debug|Any CPU.Build.0 = Debug|Any CPU
		{1F7C51F2-03AF-472A-9722-F63F426E0500}.Release|Any CPU.ActiveCfg = Release|Any CPU
		{1F7C51F2-03AF-472A-9722-F63F426E0500}.Release|Any CPU.Build.0 = Release|Any CPU
		{8205E602-22C1-4D0D-B6C5-E863A71142FD}.Debug|Any CPU.ActiveCfg = Debug|Any CPU
		{8205E602-22C1-4D0D-B6C5-E863A71142FD}.Debug|Any CPU.Build.0 = Debug|Any CPU
		{8205E602-22C1-4D0D-B6C5-E863A71142FD}.Release|Any CPU.ActiveCfg = Release|Any CPU
		{8205E602-22C1-4D0D-B6C5-E863A71142FD}.Release|Any CPU.Build.0 = Release|Any CPU
		{F9E35C4D-20C9-4AC4-B771-95F343C9E6B5}.Debug|Any CPU.ActiveCfg = Debug|Any CPU
		{F9E35C4D-20C9-4AC4-B771-95F343C9E6B5}.Debug|Any CPU.Build.0 = Debug|Any CPU
		{F9E35C4D-20C9-4AC4-B771-95F343C9E6B5}.Release|Any CPU.ActiveCfg = Release|Any CPU
		{F9E35C4D-20C9-4AC4-B771-95F343C9E6B5}.Release|Any CPU.Build.0 = Release|Any CPU
	EndGlobalSection
	GlobalSection(SolutionProperties) = preSolution
		HideSolutionNode = FALSE
	EndGlobalSection
EndGlobal
